
Microsoft Visual Studio Solution File, Format Version 12.00
# Visual Studio 15
VisualStudioVersion = 15.0.28307.757
MinimumVisualStudioVersion = 10.0.40219.1
Project("{FAE04EC0-301F-11D3-BF4B-00C04F79EFBC}") = "Tienda.Consola", "Tienda\Tienda.Consola.csproj", "{06B6D5D0-1AC9-4330-9F1D-3D008240AD36}"
EndProject
Project("{FAE04EC0-301F-11D3-BF4B-00C04F79EFBC}") = "Tienda.LibreriaTienda", "Tienda.LibreriaTienda\Tienda.LibreriaTienda.csproj", "{836A71C7-C1C9-403C-A4FC-7EBF6D8130A7}"
EndProject
Project("{FAE04EC0-301F-11D3-BF4B-00C04F79EFBC}") = "Tienda.LibreriaConsola", "Tienda.LibreriaConsola\Tienda.LibreriaConsola.csproj", "{657987EB-5357-4CEC-9210-BACAEF845A89}"
EndProject
Global
	GlobalSection(SolutionConfigurationPlatforms) = preSolution
		Debug|Any CPU = Debug|Any CPU
		Release|Any CPU = Release|Any CPU
	EndGlobalSection
	GlobalSection(ProjectConfigurationPlatforms) = postSolution
		{06B6D5D0-1AC9-4330-9F1D-3D008240AD36}.Debug|Any CPU.ActiveCfg = Debug|Any CPU
		{06B6D5D0-1AC9-4330-9F1D-3D008240AD36}.Debug|Any CPU.Build.0 = Debug|Any CPU
		{06B6D5D0-1AC9-4330-9F1D-3D008240AD36}.Release|Any CPU.ActiveCfg = Release|Any CPU
		{06B6D5D0-1AC9-4330-9F1D-3D008240AD36}.Release|Any CPU.Build.0 = Release|Any CPU
		{836A71C7-C1C9-403C-A4FC-7EBF6D8130A7}.Debug|Any CPU.ActiveCfg = Debug|Any CPU
		{836A71C7-C1C9-403C-A4FC-7EBF6D8130A7}.Debug|Any CPU.Build.0 = Debug|Any CPU
		{836A71C7-C1C9-403C-A4FC-7EBF6D8130A7}.Release|Any CPU.ActiveCfg = Release|Any CPU
		{836A71C7-C1C9-403C-A4FC-7EBF6D8130A7}.Release|Any CPU.Build.0 = Release|Any CPU
		{657987EB-5357-4CEC-9210-BACAEF845A89}.Debug|Any CPU.ActiveCfg = Debug|Any CPU
		{657987EB-5357-4CEC-9210-BACAEF845A89}.Debug|Any CPU.Build.0 = Debug|Any CPU
		{657987EB-5357-4CEC-9210-BACAEF845A89}.Release|Any CPU.ActiveCfg = Release|Any CPU
		{657987EB-5357-4CEC-9210-BACAEF845A89}.Release|Any CPU.Build.0 = Release|Any CPU
	EndGlobalSection
	GlobalSection(SolutionProperties) = preSolution
		HideSolutionNode = FALSE
	EndGlobalSection
	GlobalSection(ExtensibilityGlobals) = postSolution
		SolutionGuid = {DCCB9729-B7F3-47D1-A897-298DC9BA5D19}
	EndGlobalSection
EndGlobal
